// !$*UTF8*$!
{
	archiveVersion = 1;
	classes = {
	};
	objectVersion = 77;
	objects = {

/* Begin PBXBuildFile section */
		498A6A832DD5B1D50011F8CC /* AppDelegate.swift in Sources */ = {isa = PBXBuildFile; fileRef = 498A6A762DD5B1D50011F8CC /* AppDelegate.swift */; };
		498A6A842DD5B1D50011F8CC /* DailyCell.swift in Sources */ = {isa = PBXBuildFile; fileRef = 498A6A782DD5B1D50011F8CC /* DailyCell.swift */; };
		498A6A852DD5B1D50011F8CC /* HourlyCell.swift in Sources */ = {isa = PBXBuildFile; fileRef = 498A6A792DD5B1D50011F8CC /* HourlyCell.swift */; };
		498A6A862DD5B1D50011F8CC /* LocationServices.swift in Sources */ = {isa = PBXBuildFile; fileRef = 498A6A7D2DD5B1D50011F8CC /* LocationServices.swift */; };
		498A6A872DD5B1D50011F8CC /* NetworkManager.swift in Sources */ = {isa = PBXBuildFile; fileRef = 498A6A7E2DD5B1D50011F8CC /* NetworkManager.swift */; };
		498A6A882DD5B1D50011F8CC /* SceneDelegate.swift in Sources */ = {isa = PBXBuildFile; fileRef = 498A6A7F2DD5B1D50011F8CC /* SceneDelegate.swift */; };
		498A6A892DD5B1D50011F8CC /* ViewController.swift in Sources */ = {isa = PBXBuildFile; fileRef = 498A6A802DD5B1D50011F8CC /* ViewController.swift */; };
		498A6A8A2DD5B1D50011F8CC /* WeatherDataModel.swift in Sources */ = {isa = PBXBuildFile; fileRef = 498A6A812DD5B1D50011F8CC /* WeatherDataModel.swift */; };
		498A6A8B2DD5B1D50011F8CC /* Assets.xcassets in Resources */ = {isa = PBXBuildFile; fileRef = 498A6A772DD5B1D50011F8CC /* Assets.xcassets */; };
		498A6A8D2DD5B1D50011F8CC /* LaunchScreen.storyboard in Resources */ = {isa = PBXBuildFile; fileRef = 498A6A7C2DD5B1D50011F8CC /* LaunchScreen.storyboard */; };
		498A6A972DD5C21F0011F8CC /* Secrets.xcconfig in Resources */ = {isa = PBXBuildFile; fileRef = 498A6A962DD5C21F0011F8CC /* Secrets.xcconfig */; };
/* End PBXBuildFile section */

/* Begin PBXFileReference section */
		497ED2B72DD47DF900DC3F80 /* WeatherApp.app */ = {isa = PBXFileReference; explicitFileType = wrapper.application; includeInIndex = 0; path = WeatherApp.app; sourceTree = BUILT_PRODUCTS_DIR; };
		498A6A762DD5B1D50011F8CC /* AppDelegate.swift */ = {isa = PBXFileReference; lastKnownFileType = sourcecode.swift; path = AppDelegate.swift; sourceTree = "<group>"; };
		498A6A772DD5B1D50011F8CC /* Assets.xcassets */ = {isa = PBXFileReference; lastKnownFileType = folder.assetcatalog; path = Assets.xcassets; sourceTree = "<group>"; };
		498A6A782DD5B1D50011F8CC /* DailyCell.swift */ = {isa = PBXFileReference; lastKnownFileType = sourcecode.swift; path = DailyCell.swift; sourceTree = "<group>"; };
		498A6A792DD5B1D50011F8CC /* HourlyCell.swift */ = {isa = PBXFileReference; lastKnownFileType = sourcecode.swift; path = HourlyCell.swift; sourceTree = "<group>"; };
		498A6A7A2DD5B1D50011F8CC /* Info.plist */ = {isa = PBXFileReference; lastKnownFileType = text.plist.xml; path = Info.plist; sourceTree = "<group>"; };
		498A6A7B2DD5B1D50011F8CC /* Base */ = {isa = PBXFileReference; lastKnownFileType = file.storyboard; name = Base; path = Base.lproj/LaunchScreen.storyboard; sourceTree = "<group>"; };
		498A6A7D2DD5B1D50011F8CC /* LocationServices.swift */ = {isa = PBXFileReference; lastKnownFileType = sourcecode.swift; path = LocationServices.swift; sourceTree = "<group>"; };
		498A6A7E2DD5B1D50011F8CC /* NetworkManager.swift */ = {isa = PBXFileReference; lastKnownFileType = sourcecode.swift; path = NetworkManager.swift; sourceTree = "<group>"; };
		498A6A7F2DD5B1D50011F8CC /* SceneDelegate.swift */ = {isa = PBXFileReference; lastKnownFileType = sourcecode.swift; path = SceneDelegate.swift; sourceTree = "<group>"; };
		498A6A802DD5B1D50011F8CC /* ViewController.swift */ = {isa = PBXFileReference; lastKnownFileType = sourcecode.swift; path = ViewController.swift; sourceTree = "<group>"; };
		498A6A812DD5B1D50011F8CC /* WeatherDataModel.swift */ = {isa = PBXFileReference; lastKnownFileType = sourcecode.swift; path = WeatherDataModel.swift; sourceTree = "<group>"; };
		498A6A962DD5C21F0011F8CC /* Secrets.xcconfig */ = {isa = PBXFileReference; lastKnownFileType = text.xcconfig; path = Secrets.xcconfig; sourceTree = "<group>"; };
		498A6A982DD5C5940011F8CC /* Secrets.xcconfig.example */ = {isa = PBXFileReference; lastKnownFileType = text; path = Secrets.xcconfig.example; sourceTree = "<group>"; };
/* End PBXFileReference section */

/* Begin PBXFrameworksBuildPhase section */
		497ED2B42DD47DF900DC3F80 /* Frameworks */ = {
			isa = PBXFrameworksBuildPhase;
			buildActionMask = 2147483647;
			files = (
			);
			runOnlyForDeploymentPostprocessing = 0;
		};
/* End PBXFrameworksBuildPhase section */

/* Begin PBXGroup section */
		497ED2AE2DD47DF900DC3F80 = {
			isa = PBXGroup;
			children = (
				498A6A822DD5B1D50011F8CC /* WeatherApp */,
				497ED2B82DD47DF900DC3F80 /* Products */,
			);
			sourceTree = "<group>";
		};
		497ED2B82DD47DF900DC3F80 /* Products */ = {
			isa = PBXGroup;
			children = (
				497ED2B72DD47DF900DC3F80 /* WeatherApp.app */,
			);
			name = Products;
			sourceTree = "<group>";
		};
		498A6A822DD5B1D50011F8CC /* WeatherApp */ = {
			isa = PBXGroup;
			children = (
				498A6A8E2DD5B2BB0011F8CC /* App */,
				498A6A7A2DD5B1D50011F8CC /* Info.plist */,
				498A6A922DD5B3160011F8CC /* Models */,
				498A6A8F2DD5B2CD0011F8CC /* Resources */,
				498A6A932DD5B3290011F8CC /* Services */,
				498A6A912DD5B3080011F8CC /* ViewControllers */,
				498A6A902DD5B2E70011F8CC /* Views */,
				498A6A962DD5C21F0011F8CC /* Secrets.xcconfig */,
				498A6A982DD5C5940011F8CC /* Secrets.xcconfig.example */,
			);
			path = WeatherApp;
			sourceTree = "<group>";
		};
		498A6A8E2DD5B2BB0011F8CC /* App */ = {
			isa = PBXGroup;
			children = (
				498A6A762DD5B1D50011F8CC /* AppDelegate.swift */,
				498A6A7F2DD5B1D50011F8CC /* SceneDelegate.swift */,
			);
			path = App;
			sourceTree = "<group>";
		};
		498A6A8F2DD5B2CD0011F8CC /* Resources */ = {
			isa = PBXGroup;
			children = (
				498A6A772DD5B1D50011F8CC /* Assets.xcassets */,
				498A6A7C2DD5B1D50011F8CC /* LaunchScreen.storyboard */,
			);
			path = Resources;
			sourceTree = "<group>";
		};
		498A6A902DD5B2E70011F8CC /* Views */ = {
			isa = PBXGroup;
			children = (
				498A6A782DD5B1D50011F8CC /* DailyCell.swift */,
				498A6A792DD5B1D50011F8CC /* HourlyCell.swift */,
			);
			path = Views;
			sourceTree = "<group>";
		};
		498A6A912DD5B3080011F8CC /* ViewControllers */ = {
			isa = PBXGroup;
			children = (
				498A6A802DD5B1D50011F8CC /* ViewController.swift */,
			);
			path = ViewControllers;
			sourceTree = "<group>";
		};
		498A6A922DD5B3160011F8CC /* Models */ = {
			isa = PBXGroup;
			children = (
				498A6A812DD5B1D50011F8CC /* WeatherDataModel.swift */,
			);
			path = Models;
			sourceTree = "<group>";
		};
		498A6A932DD5B3290011F8CC /* Services */ = {
			isa = PBXGroup;
			children = (
				498A6A7D2DD5B1D50011F8CC /* LocationServices.swift */,
				498A6A7E2DD5B1D50011F8CC /* NetworkManager.swift */,
			);
			path = Services;
			sourceTree = "<group>";
		};
/* End PBXGroup section */

/* Begin PBXNativeTarget section */
		497ED2B62DD47DF900DC3F80 /* WeatherApp */ = {
			isa = PBXNativeTarget;
			buildConfigurationList = 497ED2CA2DD47DFC00DC3F80 /* Build configuration list for PBXNativeTarget "WeatherApp" */;
			buildPhases = (
				497ED2B32DD47DF900DC3F80 /* Sources */,
				497ED2B42DD47DF900DC3F80 /* Frameworks */,
				497ED2B52DD47DF900DC3F80 /* Resources */,
			);
			buildRules = (
			);
			dependencies = (
			);
			name = WeatherApp;
			packageProductDependencies = (
			);
			productName = WeatherApp;
			productReference = 497ED2B72DD47DF900DC3F80 /* WeatherApp.app */;
			productType = "com.apple.product-type.application";
		};
/* End PBXNativeTarget section */

/* Begin PBXProject section */
		497ED2AF2DD47DF900DC3F80 /* Project object */ = {
			isa = PBXProject;
			attributes = {
				BuildIndependentTargetsInParallel = 1;
				LastSwiftUpdateCheck = 1600;
				LastUpgradeCheck = 1600;
				TargetAttributes = {
					497ED2B62DD47DF900DC3F80 = {
						CreatedOnToolsVersion = 16.0;
					};
				};
			};
			buildConfigurationList = 497ED2B22DD47DF900DC3F80 /* Build configuration list for PBXProject "WeatherApp" */;
			developmentRegion = en;
			hasScannedForEncodings = 0;
			knownRegions = (
				en,
				Base,
			);
			mainGroup = 497ED2AE2DD47DF900DC3F80;
			minimizedProjectReferenceProxies = 1;
			preferredProjectObjectVersion = 77;
			productRefGroup = 497ED2B82DD47DF900DC3F80 /* Products */;
			projectDirPath = "";
			projectRoot = "";
			targets = (
				497ED2B62DD47DF900DC3F80 /* WeatherApp */,
			);
		};
/* End PBXProject section */

/* Begin PBXResourcesBuildPhase section */
		497ED2B52DD47DF900DC3F80 /* Resources */ = {
			isa = PBXResourcesBuildPhase;
			buildActionMask = 2147483647;
			files = (
				498A6A8B2DD5B1D50011F8CC /* Assets.xcassets in Resources */,
				498A6A8D2DD5B1D50011F8CC /* LaunchScreen.storyboard in Resources */,
				498A6A972DD5C21F0011F8CC /* Secrets.xcconfig in Resources */,
			);
			runOnlyForDeploymentPostprocessing = 0;
		};
/* End PBXResourcesBuildPhase section */

/* Begin PBXSourcesBuildPhase section */
		497ED2B32DD47DF900DC3F80 /* Sources */ = {
			isa = PBXSourcesBuildPhase;
			buildActionMask = 2147483647;
			files = (
				498A6A832DD5B1D50011F8CC /* AppDelegate.swift in Sources */,
				498A6A842DD5B1D50011F8CC /* DailyCell.swift in Sources */,
				498A6A852DD5B1D50011F8CC /* HourlyCell.swift in Sources */,
				498A6A862DD5B1D50011F8CC /* LocationServices.swift in Sources */,
				498A6A872DD5B1D50011F8CC /* NetworkManager.swift in Sources */,
				498A6A882DD5B1D50011F8CC /* SceneDelegate.swift in Sources */,
				498A6A892DD5B1D50011F8CC /* ViewController.swift in Sources */,
				498A6A8A2DD5B1D50011F8CC /* WeatherDataModel.swift in Sources */,
			);
			runOnlyForDeploymentPostprocessing = 0;
		};
/* End PBXSourcesBuildPhase section */

/* Begin PBXVariantGroup section */
		498A6A7C2DD5B1D50011F8CC /* LaunchScreen.storyboard */ = {
			isa = PBXVariantGroup;
			children = (
				498A6A7B2DD5B1D50011F8CC /* Base */,
			);
			name = LaunchScreen.storyboard;
			sourceTree = "<group>";
		};
/* End PBXVariantGroup section */

/* Begin XCBuildConfiguration section */
		497ED2CB2DD47DFC00DC3F80 /* Debug */ = {
			isa = XCBuildConfiguration;
			baseConfigurationReference = 498A6A962DD5C21F0011F8CC /* Secrets.xcconfig */;
			buildSettings = {
				ASSETCATALOG_COMPILER_APPICON_NAME = AppIcon;
				ASSETCATALOG_COMPILER_GLOBAL_ACCENT_COLOR_NAME = AccentColor;
				CODE_SIGN_STYLE = Automatic;
				CURRENT_PROJECT_VERSION = 1;
				DEVELOPMENT_TEAM = 496L6DA76V;
				GENERATE_INFOPLIST_FILE = YES;
				INFOPLIST_FILE = WeatherApp/Info.plist;
				INFOPLIST_KEY_NSLocationWhenInUseUsageDescription = "Приложению необходимо использовать ваше местоположение для показа погоды";
				INFOPLIST_KEY_UIApplicationSupportsIndirectInputEvents = YES;
				INFOPLIST_KEY_UILaunchStoryboardName = LaunchScreen;
				INFOPLIST_KEY_UISupportedInterfaceOrientations = UIInterfaceOrientationPortrait;
				INFOPLIST_KEY_UISupportedInterfaceOrientations_iPad = "UIInterfaceOrientationLandscapeLeft UIInterfaceOrientationLandscapeRight UIInterfaceOrientationPortrait UIInterfaceOrientationPortraitUpsideDown";
				IPHONEOS_DEPLOYMENT_TARGET = 16.6;
				LD_RUNPATH_SEARCH_PATHS = (
					"$(inherited)",
					"@executable_path/Frameworks",
				);
				MARKETING_VERSION = 1.0;
				PRODUCT_BUNDLE_IDENTIFIER = AW.WeatherApp;
				PRODUCT_NAME = "$(TARGET_NAME)";
				SWIFT_EMIT_LOC_STRINGS = YES;
				SWIFT_VERSION = 5.0;
				TARGETED_DEVICE_FAMILY = "1,2";
			};
			name = Debug;
		};
		497ED2CC2DD47DFC00DC3F80 /* Release */ = {
			isa = XCBuildConfiguration;
			baseConfigurationReference = 498A6A962DD5C21F0011F8CC /* Secrets.xcconfig */;
			buildSettings = {
				ASSETCATALOG_COMPILER_APPICON_NAME = AppIcon;
				ASSETCATALOG_COMPILER_GLOBAL_ACCENT_COLOR_NAME = AccentColor;
				CODE_SIGN_STYLE = Automatic;
				CURRENT_PROJECT_VERSION = 1;
				DEVELOPMENT_TEAM = 496L6DA76V;
				GENERATE_INFOPLIST_FILE = YES;
				INFOPLIST_FILE = WeatherApp/Info.plist;
				INFOPLIST_KEY_NSLocationWhenInUseUsageDescription = "Приложению необходимо использовать ваше местоположение для показа погоды";
				INFOPLIST_KEY_UIApplicationSupportsIndirectInputEvents = YES;
				INFOPLIST_KEY_UILaunchStoryboardName = LaunchScreen;
				INFOPLIST_KEY_UISupportedInterfaceOrientations = UIInterfaceOrientationPortrait;
				INFOPLIST_KEY_UISupportedInterfaceOrientations_iPad = "UIInterfaceOrientationLandscapeLeft UIInterfaceOrientationLandscapeRight UIInterfaceOrientationPortrait UIInterfaceOrientationPortraitUpsideDown";
				IPHONEOS_DEPLOYMENT_TARGET = 16.6;
				LD_RUNPATH_SEARCH_PATHS = (
					"$(inherited)",
					"@executable_path/Frameworks",
				);
				MARKETING_VERSION = 1.0;
				PRODUCT_BUNDLE_IDENTIFIER = AW.WeatherApp;
				PRODUCT_NAME = "$(TARGET_NAME)";
				SWIFT_EMIT_LOC_STRINGS = YES;
				SWIFT_VERSION = 5.0;
				TARGETED_DEVICE_FAMILY = "1,2";
			};
			name = Release;
		};
		497ED2CD2DD47DFC00DC3F80 /* Debug */ = {
			isa = XCBuildConfiguration;
			baseConfigurationReference = 498A6A962DD5C21F0011F8CC /* Secrets.xcconfig */;
			buildSettings = {
				ALWAYS_SEARCH_USER_PATHS = NO;
				ASSETCATALOG_COMPILER_GENERATE_SWIFT_ASSET_SYMBOL_EXTENSIONS = YES;
				CLANG_ANALYZER_NONNULL = YES;
				CLANG_ANALYZER_NUMBER_OBJECT_CONVERSION = YES_AGGRESSIVE;
				CLANG_CXX_LANGUAGE_STANDARD = "gnu++20";
				CLANG_ENABLE_MODULES = YES;
				CLANG_ENABLE_OBJC_ARC = YES;
				CLANG_ENABLE_OBJC_WEAK = YES;
				CLANG_WARN_BLOCK_CAPTURE_AUTORELEASING = YES;
				CLANG_WARN_BOOL_CONVERSION = YES;
				CLANG_WARN_COMMA = YES;
				CLANG_WARN_CONSTANT_CONVERSION = YES;
				CLANG_WARN_DEPRECATED_OBJC_IMPLEMENTATIONS = YES;
				CLANG_WARN_DIRECT_OBJC_ISA_USAGE = YES_ERROR;
				CLANG_WARN_DOCUMENTATION_COMMENTS = YES;
				CLANG_WARN_EMPTY_BODY = YES;
				CLANG_WARN_ENUM_CONVERSION = YES;
				CLANG_WARN_INFINITE_RECURSION = YES;
				CLANG_WARN_INT_CONVERSION = YES;
				CLANG_WARN_NON_LITERAL_NULL_CONVERSION = YES;
				CLANG_WARN_OBJC_IMPLICIT_RETAIN_SELF = YES;
				CLANG_WARN_OBJC_LITERAL_CONVERSION = YES;
				CLANG_WARN_OBJC_ROOT_CLASS = YES_ERROR;
				CLANG_WARN_QUOTED_INCLUDE_IN_FRAMEWORK_HEADER = YES;
				CLANG_WARN_RANGE_LOOP_ANALYSIS = YES;
				CLANG_WARN_STRICT_PROTOTYPES = YES;
				CLANG_WARN_SUSPICIOUS_MOVE = YES;
				CLANG_WARN_UNGUARDED_AVAILABILITY = YES_AGGRESSIVE;
				CLANG_WARN_UNREACHABLE_CODE = YES;
				CLANG_WARN__DUPLICATE_METHOD_MATCH = YES;
				COPY_PHASE_STRIP = NO;
				DEBUG_INFORMATION_FORMAT = dwarf;
				ENABLE_STRICT_OBJC_MSGSEND = YES;
				ENABLE_TESTABILITY = YES;
				ENABLE_USER_SCRIPT_SANDBOXING = YES;
				GCC_C_LANGUAGE_STANDARD = gnu17;
				GCC_DYNAMIC_NO_PIC = NO;
				GCC_NO_COMMON_BLOCKS = YES;
				GCC_OPTIMIZATION_LEVEL = 0;
				GCC_PREPROCESSOR_DEFINITIONS = (
					"DEBUG=1",
					"$(inherited)",
				);
				GCC_WARN_64_TO_32_BIT_CONVERSION = YES;
				GCC_WARN_ABOUT_RETURN_TYPE = YES_ERROR;
				GCC_WARN_UNDECLARED_SELECTOR = YES;
				GCC_WARN_UNINITIALIZED_AUTOS = YES_AGGRESSIVE;
				GCC_WARN_UNUSED_FUNCTION = YES;
				GCC_WARN_UNUSED_VARIABLE = YES;
				IPHONEOS_DEPLOYMENT_TARGET = 18.0;
				LOCALIZATION_PREFERS_STRING_CATALOGS = YES;
				MTL_ENABLE_DEBUG_INFO = INCLUDE_SOURCE;
				MTL_FAST_MATH = YES;
				ONLY_ACTIVE_ARCH = YES;
				SDKROOT = iphoneos;
				SWIFT_ACTIVE_COMPILATION_CONDITIONS = "DEBUG $(inherited)";
				SWIFT_OPTIMIZATION_LEVEL = "-Onone";
			};
			name = Debug;
		};
		497ED2CE2DD47DFC00DC3F80 /* Release */ = {
			isa = XCBuildConfiguration;
			baseConfigurationReference = 498A6A962DD5C21F0011F8CC /* Secrets.xcconfig */;
			buildSettings = {
				ALWAYS_SEARCH_USER_PATHS = NO;
				ASSETCATALOG_COMPILER_GENERATE_SWIFT_ASSET_SYMBOL_EXTENSIONS = YES;
				CLANG_ANALYZER_NONNULL = YES;
				CLANG_ANALYZER_NUMBER_OBJECT_CONVERSION = YES_AGGRESSIVE;
				CLANG_CXX_LANGUAGE_STANDARD = "gnu++20";
				CLANG_ENABLE_MODULES = YES;
				CLANG_ENABLE_OBJC_ARC = YES;
				CLANG_ENABLE_OBJC_WEAK = YES;
				CLANG_WARN_BLOCK_CAPTURE_AUTORELEASING = YES;
				CLANG_WARN_BOOL_CONVERSION = YES;
				CLANG_WARN_COMMA = YES;
				CLANG_WARN_CONSTANT_CONVERSION = YES;
				CLANG_WARN_DEPRECATED_OBJC_IMPLEMENTATIONS = YES;
				CLANG_WARN_DIRECT_OBJC_ISA_USAGE = YES_ERROR;
				CLANG_WARN_DOCUMENTATION_COMMENTS = YES;
				CLANG_WARN_EMPTY_BODY = YES;
				CLANG_WARN_ENUM_CONVERSION = YES;
				CLANG_WARN_INFINITE_RECURSION = YES;
				CLANG_WARN_INT_CONVERSION = YES;
				CLANG_WARN_NON_LITERAL_NULL_CONVERSION = YES;
				CLANG_WARN_OBJC_IMPLICIT_RETAIN_SELF = YES;
				CLANG_WARN_OBJC_LITERAL_CONVERSION = YES;
				CLANG_WARN_OBJC_ROOT_CLASS = YES_ERROR;
				CLANG_WARN_QUOTED_INCLUDE_IN_FRAMEWORK_HEADER = YES;
				CLANG_WARN_RANGE_LOOP_ANALYSIS = YES;
				CLANG_WARN_STRICT_PROTOTYPES = YES;
				CLANG_WARN_SUSPICIOUS_MOVE = YES;
				CLANG_WARN_UNGUARDED_AVAILABILITY = YES_AGGRESSIVE;
				CLANG_WARN_UNREACHABLE_CODE = YES;
				CLANG_WARN__DUPLICATE_METHOD_MATCH = YES;
				COPY_PHASE_STRIP = NO;
				DEBUG_INFORMATION_FORMAT = "dwarf-with-dsym";
				ENABLE_NS_ASSERTIONS = NO;
				ENABLE_STRICT_OBJC_MSGSEND = YES;
				ENABLE_USER_SCRIPT_SANDBOXING = YES;
				GCC_C_LANGUAGE_STANDARD = gnu17;
				GCC_NO_COMMON_BLOCKS = YES;
				GCC_WARN_64_TO_32_BIT_CONVERSION = YES;
				GCC_WARN_ABOUT_RETURN_TYPE = YES_ERROR;
				GCC_WARN_UNDECLARED_SELECTOR = YES;
				GCC_WARN_UNINITIALIZED_AUTOS = YES_AGGRESSIVE;
				GCC_WARN_UNUSED_FUNCTION = YES;
				GCC_WARN_UNUSED_VARIABLE = YES;
				IPHONEOS_DEPLOYMENT_TARGET = 18.0;
				LOCALIZATION_PREFERS_STRING_CATALOGS = YES;
				MTL_ENABLE_DEBUG_INFO = NO;
				MTL_FAST_MATH = YES;
				SDKROOT = iphoneos;
				SWIFT_COMPILATION_MODE = wholemodule;
				VALIDATE_PRODUCT = YES;
			};
			name = Release;
		};
/* End XCBuildConfiguration section */

/* Begin XCConfigurationList section */
		497ED2B22DD47DF900DC3F80 /* Build configuration list for PBXProject "WeatherApp" */ = {
			isa = XCConfigurationList;
			buildConfigurations = (
				497ED2CD2DD47DFC00DC3F80 /* Debug */,
				497ED2CE2DD47DFC00DC3F80 /* Release */,
			);
			defaultConfigurationIsVisible = 0;
			defaultConfigurationName = Release;
		};
		497ED2CA2DD47DFC00DC3F80 /* Build configuration list for PBXNativeTarget "WeatherApp" */ = {
			isa = XCConfigurationList;
			buildConfigurations = (
				497ED2CB2DD47DFC00DC3F80 /* Debug */,
				497ED2CC2DD47DFC00DC3F80 /* Release */,
			);
			defaultConfigurationIsVisible = 0;
			defaultConfigurationName = Release;
		};
/* End XCConfigurationList section */
	};
	rootObject = 497ED2AF2DD47DF900DC3F80 /* Project object */;
}
